
Microsoft Visual Studio Solution File, Format Version 12.00
# Visual Studio 15
VisualStudioVersion = 15.0.27924.0
MinimumVisualStudioVersion = 10.0.40219.1
Project("{9A19103F-16F7-4668-BE54-9A1E7A4F7556}") = "CodeChallenge.MOvejeroL", "CodeChallenge.MOvejeroL\CodeChallenge.MOvejeroL.csproj", "{61582E17-C311-44C5-A02F-7ADC170A7546}"
EndProject
Project("{9A19103F-16F7-4668-BE54-9A1E7A4F7556}") = "CodeChallenge.MOvejeroL.Shared.Model", "CodeChallenge.MOvejero.Shared.Model\CodeChallenge.MOvejeroL.Shared.Model.csproj", "{CDCD4A01-EE33-4BBA-BD73-88196B4B23C0}"
EndProject
Project("{9A19103F-16F7-4668-BE54-9A1E7A4F7556}") = "CodeChallenge.MOvejeroL.API", "CodeChallenge.MOvejero.API\CodeChallenge.MOvejeroL.API.csproj", "{F018214C-F4DF-4979-9BB3-DF292A18A0F3}"
EndProject
Global
	GlobalSection(SolutionConfigurationPlatforms) = preSolution
		Debug|Any CPU = Debug|Any CPU
		Release|Any CPU = Release|Any CPU
	EndGlobalSection
	GlobalSection(ProjectConfigurationPlatforms) = postSolution
		{61582E17-C311-44C5-A02F-7ADC170A7546}.Debug|Any CPU.ActiveCfg = Debug|Any CPU
		{61582E17-C311-44C5-A02F-7ADC170A7546}.Debug|Any CPU.Build.0 = Debug|Any CPU
		{61582E17-C311-44C5-A02F-7ADC170A7546}.Release|Any CPU.ActiveCfg = Release|Any CPU
		{61582E17-C311-44C5-A02F-7ADC170A7546}.Release|Any CPU.Build.0 = Release|Any CPU
		{CDCD4A01-EE33-4BBA-BD73-88196B4B23C0}.Debug|Any CPU.ActiveCfg = Debug|Any CPU
		{CDCD4A01-EE33-4BBA-BD73-88196B4B23C0}.Debug|Any CPU.Build.0 = Debug|Any CPU
		{CDCD4A01-EE33-4BBA-BD73-88196B4B23C0}.Release|Any CPU.ActiveCfg = Release|Any CPU
		{CDCD4A01-EE33-4BBA-BD73-88196B4B23C0}.Release|Any CPU.Build.0 = Release|Any CPU
		{F018214C-F4DF-4979-9BB3-DF292A18A0F3}.Debug|Any CPU.ActiveCfg = Debug|Any CPU
		{F018214C-F4DF-4979-9BB3-DF292A18A0F3}.Debug|Any CPU.Build.0 = Debug|Any CPU
		{F018214C-F4DF-4979-9BB3-DF292A18A0F3}.Release|Any CPU.ActiveCfg = Release|Any CPU
		{F018214C-F4DF-4979-9BB3-DF292A18A0F3}.Release|Any CPU.Build.0 = Release|Any CPU
	EndGlobalSection
	GlobalSection(SolutionProperties) = preSolution
		HideSolutionNode = FALSE
	EndGlobalSection
	GlobalSection(ExtensibilityGlobals) = postSolution
		SolutionGuid = {03509CC4-2A95-4488-B62E-C76C504A4816}
	EndGlobalSection
EndGlobal
